
Microsoft Visual Studio Solution File, Format Version 12.00
# Visual Studio Version 17
VisualStudioVersion = 17.14.36202.13 d17.14
MinimumVisualStudioVersion = 10.0.40219.1
Project("{FAE04EC0-301F-11D3-BF4B-00C04F79EFBC}") = "Concurrency.Core", "Concurrency\Concurrency.Core.csproj", "{915A7146-378B-431D-BECF-005169959258}"
EndProject
Project("{FAE04EC0-301F-11D3-BF4B-00C04F79EFBC}") = "Concurrency.UnitTests", "Concurrency.UnitTests\Concurrency.UnitTests.csproj", "{B38A4517-C9AD-4C72-AE8C-A201A6A7D495}"
EndProject
Project("{FAE04EC0-301F-11D3-BF4B-00C04F79EFBC}") = "BaseProject", "BaseProject\BaseProject.csproj", "{4C8182DA-1A29-FB5E-65DC-71CF6A9F5E49}"
EndProject
Global
	GlobalSection(SolutionConfigurationPlatforms) = preSolution
		Debug|Any CPU = Debug|Any CPU
		Release|Any CPU = Release|Any CPU
	EndGlobalSection
	GlobalSection(ProjectConfigurationPlatforms) = postSolution
		{915A7146-378B-431D-BECF-005169959258}.Debug|Any CPU.ActiveCfg = Debug|Any CPU
		{915A7146-378B-431D-BECF-005169959258}.Debug|Any CPU.Build.0 = Debug|Any CPU
		{915A7146-378B-431D-BECF-005169959258}.Release|Any CPU.ActiveCfg = Release|Any CPU
		{915A7146-378B-431D-BECF-005169959258}.Release|Any CPU.Build.0 = Release|Any CPU
		{B38A4517-C9AD-4C72-AE8C-A201A6A7D495}.Debug|Any CPU.ActiveCfg = Debug|Any CPU
		{B38A4517-C9AD-4C72-AE8C-A201A6A7D495}.Debug|Any CPU.Build.0 = Debug|Any CPU
		{B38A4517-C9AD-4C72-AE8C-A201A6A7D495}.Release|Any CPU.ActiveCfg = Release|Any CPU
		{B38A4517-C9AD-4C72-AE8C-A201A6A7D495}.Release|Any CPU.Build.0 = Release|Any CPU
		{4C8182DA-1A29-FB5E-65DC-71CF6A9F5E49}.Debug|Any CPU.ActiveCfg = Debug|Any CPU
		{4C8182DA-1A29-FB5E-65DC-71CF6A9F5E49}.Debug|Any CPU.Build.0 = Debug|Any CPU
		{4C8182DA-1A29-FB5E-65DC-71CF6A9F5E49}.Release|Any CPU.ActiveCfg = Release|Any CPU
		{4C8182DA-1A29-FB5E-65DC-71CF6A9F5E49}.Release|Any CPU.Build.0 = Release|Any CPU
	EndGlobalSection
	GlobalSection(SolutionProperties) = preSolution
		HideSolutionNode = FALSE
	EndGlobalSection
	GlobalSection(ExtensibilityGlobals) = postSolution
		SolutionGuid = {0096E49D-60DB-44B3-B650-2F4D19353E41}
	EndGlobalSection
EndGlobal
